
Microsoft Visual Studio Solution File, Format Version 12.00
# Visual Studio Version 17
VisualStudioVersion = 17.13.36105.23
MinimumVisualStudioVersion = 10.0.40219.1
Project("{FAE04EC0-301F-11D3-BF4B-00C04F79EFBC}") = "Plugin.Maui.Biometric", "Plugin.Maui.Biometric\Plugin.Maui.Biometric.csproj", "{C3C2B703-009F-4F7A-B873-7ADEB17D05E6}"
EndProject
Project("{FAE04EC0-301F-11D3-BF4B-00C04F79EFBC}") = "Samples", "Samples\Samples.csproj", "{A61B06B1-79FE-41CA-A6D4-779C71F93041}"
EndProject
Global
	GlobalSection(SolutionConfigurationPlatforms) = preSolution
		Debug|Any CPU = Debug|Any CPU
		Release|Any CPU = Release|Any CPU
	EndGlobalSection
	GlobalSection(ProjectConfigurationPlatforms) = postSolution
		{C3C2B703-009F-4F7A-B873-7ADEB17D05E6}.Debug|Any CPU.ActiveCfg = Debug|Any CPU
		{C3C2B703-009F-4F7A-B873-7ADEB17D05E6}.Debug|Any CPU.Build.0 = Debug|Any CPU
		{C3C2B703-009F-4F7A-B873-7ADEB17D05E6}.Release|Any CPU.ActiveCfg = Release|Any CPU
		{C3C2B703-009F-4F7A-B873-7ADEB17D05E6}.Release|Any CPU.Build.0 = Release|Any CPU
		{A61B06B1-79FE-41CA-A6D4-779C71F93041}.Debug|Any CPU.ActiveCfg = Debug|Any CPU
		{A61B06B1-79FE-41CA-A6D4-779C71F93041}.Debug|Any CPU.Build.0 = Debug|Any CPU
		{A61B06B1-79FE-41CA-A6D4-779C71F93041}.Release|Any CPU.ActiveCfg = Release|Any CPU
		{A61B06B1-79FE-41CA-A6D4-779C71F93041}.Release|Any CPU.Build.0 = Release|Any CPU
	EndGlobalSection
	GlobalSection(SolutionProperties) = preSolution
		HideSolutionNode = FALSE
	EndGlobalSection
	GlobalSection(ExtensibilityGlobals) = postSolution
		SolutionGuid = {C057453F-0756-43AA-A75F-FD5231F0B078}
	EndGlobalSection
EndGlobal
